
Microsoft Visual Studio Solution File, Format Version 12.00
# Visual Studio 15
VisualStudioVersion = 15.0.27130.2027
MinimumVisualStudioVersion = 10.0.40219.1
Project("{FAE04EC0-301F-11D3-BF4B-00C04F79EFBC}") = "WPFUI", "WPFUI\WPFUI.csproj", "{EBD9099E-9C53-4750-A01F-3442309B2FE2}"
EndProject
Project("{FAE04EC0-301F-11D3-BF4B-00C04F79EFBC}") = "Engine", "Engine\Engine.csproj", "{D6199432-81AE-49A5-9AB3-2784D8600450}"
EndProject
Project("{FAE04EC0-301F-11D3-BF4B-00C04F79EFBC}") = "TestEngine", "TestEngine\TestEngine.csproj", "{E4073809-B6F2-4230-84D4-3DFEABE7E41F}"
EndProject
Global
	GlobalSection(SolutionConfigurationPlatforms) = preSolution
		Debug|Any CPU = Debug|Any CPU
		Release|Any CPU = Release|Any CPU
	EndGlobalSection
	GlobalSection(ProjectConfigurationPlatforms) = postSolution
		{EBD9099E-9C53-4750-A01F-3442309B2FE2}.Debug|Any CPU.ActiveCfg = Debug|Any CPU
		{EBD9099E-9C53-4750-A01F-3442309B2FE2}.Debug|Any CPU.Build.0 = Debug|Any CPU
		{EBD9099E-9C53-4750-A01F-3442309B2FE2}.Release|Any CPU.ActiveCfg = Release|Any CPU
		{EBD9099E-9C53-4750-A01F-3442309B2FE2}.Release|Any CPU.Build.0 = Release|Any CPU
		{D6199432-81AE-49A5-9AB3-2784D8600450}.Debug|Any CPU.ActiveCfg = Debug|Any CPU
		{D6199432-81AE-49A5-9AB3-2784D8600450}.Debug|Any CPU.Build.0 = Debug|Any CPU
		{D6199432-81AE-49A5-9AB3-2784D8600450}.Release|Any CPU.ActiveCfg = Release|Any CPU
		{D6199432-81AE-49A5-9AB3-2784D8600450}.Release|Any CPU.Build.0 = Release|Any CPU
		{E4073809-B6F2-4230-84D4-3DFEABE7E41F}.Debug|Any CPU.ActiveCfg = Debug|Any CPU
		{E4073809-B6F2-4230-84D4-3DFEABE7E41F}.Debug|Any CPU.Build.0 = Debug|Any CPU
		{E4073809-B6F2-4230-84D4-3DFEABE7E41F}.Release|Any CPU.ActiveCfg = Release|Any CPU
		{E4073809-B6F2-4230-84D4-3DFEABE7E41F}.Release|Any CPU.Build.0 = Release|Any CPU
	EndGlobalSection
	GlobalSection(SolutionProperties) = preSolution
		HideSolutionNode = FALSE
	EndGlobalSection
	GlobalSection(ExtensibilityGlobals) = postSolution
		VisualSVNWorkingCopyRoot = .
		SolutionGuid = {1C014A0D-A629-47AC-9E44-69F5DCC74182}
	EndGlobalSection
EndGlobal
