
Microsoft Visual Studio Solution File, Format Version 12.00
# Visual Studio 14
VisualStudioVersion = 14.0.25420.1
MinimumVisualStudioVersion = 10.0.40219.1
Project("{FAE04EC0-301F-11D3-BF4B-00C04F79EFBC}") = "WPFUI", "WPFUI\WPFUI.csproj", "{EBD9099E-9C53-4750-A01F-3442309B2FE2}"
EndProject
Project("{FAE04EC0-301F-11D3-BF4B-00C04F79EFBC}") = "Engine", "Engine\Engine.csproj", "{D6199432-81AE-49A5-9AB3-2784D8600450}"
EndProject
Global
	GlobalSection(SolutionConfigurationPlatforms) = preSolution
		Debug|Any CPU = Debug|Any CPU
		Release|Any CPU = Release|Any CPU
	EndGlobalSection
	GlobalSection(ProjectConfigurationPlatforms) = postSolution
		{EBD9099E-9C53-4750-A01F-3442309B2FE2}.Debug|Any CPU.ActiveCfg = Debug|Any CPU
		{EBD9099E-9C53-4750-A01F-3442309B2FE2}.Debug|Any CPU.Build.0 = Debug|Any CPU
		{EBD9099E-9C53-4750-A01F-3442309B2FE2}.Release|Any CPU.ActiveCfg = Release|Any CPU
		{EBD9099E-9C53-4750-A01F-3442309B2FE2}.Release|Any CPU.Build.0 = Release|Any CPU
		{D6199432-81AE-49A5-9AB3-2784D8600450}.Debug|Any CPU.ActiveCfg = Debug|Any CPU
		{D6199432-81AE-49A5-9AB3-2784D8600450}.Debug|Any CPU.Build.0 = Debug|Any CPU
		{D6199432-81AE-49A5-9AB3-2784D8600450}.Release|Any CPU.ActiveCfg = Release|Any CPU
		{D6199432-81AE-49A5-9AB3-2784D8600450}.Release|Any CPU.Build.0 = Release|Any CPU
	EndGlobalSection
	GlobalSection(SolutionProperties) = preSolution
		HideSolutionNode = FALSE
	EndGlobalSection
	GlobalSection(ExtensibilityGlobals) = postSolution
		VisualSVNWorkingCopyRoot = .
	EndGlobalSection
EndGlobal
